PODS:
  - CL_ShanYanSDK (2.3.4.9)
  - Flutter (1.0.0)
  - shanyan (2.3.3.2):
    - CL_ShanYanSDK (~> 2.3.4.9)
    - Flutter

DEPENDENCIES:
  - Flutter (from `Flutter`)
  - shanyan (from `.symlinks/plugins/shanyan/ios`)

SPEC REPOS:
  trunk:
    - CL_ShanYanSDK

EXTERNAL SOURCES:
  Flutter:
    :path: Flutter
  shanyan:
    :path: ".symlinks/plugins/shanyan/ios"

SPEC CHECKSUMS:
  CL_ShanYanSDK: 0421d340b1e2c63b532b327248917d85bbdb1c30
  Flutter: 50d75fe2f02b26cc09d224853bb45737f8b3214a
  shanyan: b79789f1c606dcac9d0f5020ed2cbfb26a828aa3

PODFILE CHECKSUM: 8e679eca47255a8ca8067c4c67aab20e64cb974d

COCOAPODS: 1.10.1
